
Microsoft Visual Studio Solution File, Format Version 12.00
# Visual Studio Version 17
VisualStudioVersion = 17.1.32319.34
MinimumVisualStudioVersion = 10.0.40219.1
Project("{2150E333-8FDC-42A3-9474-1A3956D46DE8}") = "src", "src", "{58463841-CD45-4229-9E70-A0B74E70ADD7}"
	ProjectSection(SolutionItems) = preProject
		src\Directory.Build.props = src\Directory.Build.props
	EndProjectSection
EndProject
Project("{2150E333-8FDC-42A3-9474-1A3956D46DE8}") = "test", "test", "{40D373E1-A120-41E0-9D3D-1BACC719BB38}"
	ProjectSection(SolutionItems) = preProject
		test\Directory.Build.props = test\Directory.Build.props
	EndProjectSection
EndProject
Project("{2150E333-8FDC-42A3-9474-1A3956D46DE8}") = "tools", "tools", "{9E68D2AB-3D6A-468E-99A1-BF6DFE2E290C}"
EndProject
Project("{2150E333-8FDC-42A3-9474-1A3956D46DE8}") = "Solution Items", "Solution Items", "{E64233AB-9609-4FE2-81C9-206ABF07AB43}"
	ProjectSection(SolutionItems) = preProject
		README.md = README.md
		.github\workflows\testAndPublishLibraries13.yaml = .github\workflows\testAndPublishLibraries13.yaml
	EndProjectSection
EndProject
Project("{9A19103F-16F7-4668-BE54-9A1E7A4F7556}") = "ApacheOrcDotNet", "src\ApacheOrcDotNet\ApacheOrcDotNet.csproj", "{88CBE7A5-B70E-4801-8FA4-A83A7CDD0B10}"
EndProject
Project("{9A19103F-16F7-4668-BE54-9A1E7A4F7556}") = "ApacheOrcDotNet.Test", "test\ApacheOrcDotNet.Test\ApacheOrcDotNet.Test.csproj", "{D43761A7-6270-4C43-A2CE-2C244117F30A}"
EndProject
Project("{9A19103F-16F7-4668-BE54-9A1E7A4F7556}") = "ApacheOrcDotNet.WriterTest.App", "src\ApacheOrcDotNet.WriterTest.App\ApacheOrcDotNet.WriterTest.App.csproj", "{8FC4EFCA-35E9-4965-A2F8-52974F29E4DA}"
EndProject
Project("{9A19103F-16F7-4668-BE54-9A1E7A4F7556}") = "ApacheOrcDotNet.ReaderTest.App", "src\ApacheOrcDotNet.ReaderTest.App\ApacheOrcDotNet.ReaderTest.App.csproj", "{F3C9D56A-913A-453D-9C42-B9F467748413}"
EndProject
Project("{9A19103F-16F7-4668-BE54-9A1E7A4F7556}") = "ApacheOrcDotNet.OptimizedReader", "src\ApacheOrcDotNet.OptimizedReader\ApacheOrcDotNet.OptimizedReader.csproj", "{6C94BFE7-2452-42FF-A17A-4E090F2F8DBD}"
EndProject
Project("{9A19103F-16F7-4668-BE54-9A1E7A4F7556}") = "ApacheOrcDotNet.OptimizedReader.Test", "test\ApacheOrcDotNet.OptimizedReader.Test\ApacheOrcDotNet.OptimizedReader.Test.csproj", "{AE3C0606-2210-40ED-AE93-67DBD06461BE}"
EndProject
Project("{9A19103F-16F7-4668-BE54-9A1E7A4F7556}") = "ApacheOrcDotNet.OptimizedReaderTest.App", "src\ApacheOrcDotNet.OptimizedReaderTest.App\ApacheOrcDotNet.OptimizedReaderTest.App.csproj", "{E8C6F47D-51EE-4488-AF63-2898C01A6515}"
EndProject
Project("{2150E333-8FDC-42A3-9474-1A3956D46DE8}") = "perf", "perf", "{23793296-3A05-4668-8967-364E6F73EE78}"
EndProject
Project("{FAE04EC0-301F-11D3-BF4B-00C04F79EFBC}") = "MicroBenchmarks", "perf\MicroBenchmarks\MicroBenchmarks.csproj", "{F03F6A0D-A431-4A8A-9ED3-FF4690051713}"
EndProject
Global
	GlobalSection(SolutionConfigurationPlatforms) = preSolution
		Debug|Any CPU = Debug|Any CPU
		Release|Any CPU = Release|Any CPU
	EndGlobalSection
	GlobalSection(ProjectConfigurationPlatforms) = postSolution
		{88CBE7A5-B70E-4801-8FA4-A83A7CDD0B10}.Debug|Any CPU.ActiveCfg = Debug|Any CPU
		{88CBE7A5-B70E-4801-8FA4-A83A7CDD0B10}.Debug|Any CPU.Build.0 = Debug|Any CPU
		{88CBE7A5-B70E-4801-8FA4-A83A7CDD0B10}.Release|Any CPU.ActiveCfg = Release|Any CPU
		{88CBE7A5-B70E-4801-8FA4-A83A7CDD0B10}.Release|Any CPU.Build.0 = Release|Any CPU
		{D43761A7-6270-4C43-A2CE-2C244117F30A}.Debug|Any CPU.ActiveCfg = Debug|Any CPU
		{D43761A7-6270-4C43-A2CE-2C244117F30A}.Debug|Any CPU.Build.0 = Debug|Any CPU
		{D43761A7-6270-4C43-A2CE-2C244117F30A}.Release|Any CPU.ActiveCfg = Release|Any CPU
		{D43761A7-6270-4C43-A2CE-2C244117F30A}.Release|Any CPU.Build.0 = Release|Any CPU
		{8FC4EFCA-35E9-4965-A2F8-52974F29E4DA}.Debug|Any CPU.ActiveCfg = Debug|Any CPU
		{8FC4EFCA-35E9-4965-A2F8-52974F29E4DA}.Debug|Any CPU.Build.0 = Debug|Any CPU
		{8FC4EFCA-35E9-4965-A2F8-52974F29E4DA}.Release|Any CPU.ActiveCfg = Release|Any CPU
		{8FC4EFCA-35E9-4965-A2F8-52974F29E4DA}.Release|Any CPU.Build.0 = Release|Any CPU
		{F3C9D56A-913A-453D-9C42-B9F467748413}.Debug|Any CPU.ActiveCfg = Debug|Any CPU
		{F3C9D56A-913A-453D-9C42-B9F467748413}.Debug|Any CPU.Build.0 = Debug|Any CPU
		{F3C9D56A-913A-453D-9C42-B9F467748413}.Release|Any CPU.ActiveCfg = Release|Any CPU
		{F3C9D56A-913A-453D-9C42-B9F467748413}.Release|Any CPU.Build.0 = Release|Any CPU
		{6C94BFE7-2452-42FF-A17A-4E090F2F8DBD}.Debug|Any CPU.ActiveCfg = Debug|Any CPU
		{6C94BFE7-2452-42FF-A17A-4E090F2F8DBD}.Debug|Any CPU.Build.0 = Debug|Any CPU
		{6C94BFE7-2452-42FF-A17A-4E090F2F8DBD}.Release|Any CPU.ActiveCfg = Release|Any CPU
		{6C94BFE7-2452-42FF-A17A-4E090F2F8DBD}.Release|Any CPU.Build.0 = Release|Any CPU
		{AE3C0606-2210-40ED-AE93-67DBD06461BE}.Debug|Any CPU.ActiveCfg = Debug|Any CPU
		{AE3C0606-2210-40ED-AE93-67DBD06461BE}.Debug|Any CPU.Build.0 = Debug|Any CPU
		{AE3C0606-2210-40ED-AE93-67DBD06461BE}.Release|Any CPU.ActiveCfg = Release|Any CPU
		{AE3C0606-2210-40ED-AE93-67DBD06461BE}.Release|Any CPU.Build.0 = Release|Any CPU
		{E8C6F47D-51EE-4488-AF63-2898C01A6515}.Debug|Any CPU.ActiveCfg = Debug|Any CPU
		{E8C6F47D-51EE-4488-AF63-2898C01A6515}.Debug|Any CPU.Build.0 = Debug|Any CPU
		{E8C6F47D-51EE-4488-AF63-2898C01A6515}.Release|Any CPU.ActiveCfg = Release|Any CPU
		{E8C6F47D-51EE-4488-AF63-2898C01A6515}.Release|Any CPU.Build.0 = Release|Any CPU
		{F03F6A0D-A431-4A8A-9ED3-FF4690051713}.Debug|Any CPU.ActiveCfg = Debug|Any CPU
		{F03F6A0D-A431-4A8A-9ED3-FF4690051713}.Debug|Any CPU.Build.0 = Debug|Any CPU
		{F03F6A0D-A431-4A8A-9ED3-FF4690051713}.Release|Any CPU.ActiveCfg = Release|Any CPU
		{F03F6A0D-A431-4A8A-9ED3-FF4690051713}.Release|Any CPU.Build.0 = Release|Any CPU
	EndGlobalSection
	GlobalSection(SolutionProperties) = preSolution
		HideSolutionNode = FALSE
	EndGlobalSection
	GlobalSection(NestedProjects) = preSolution
		{88CBE7A5-B70E-4801-8FA4-A83A7CDD0B10} = {58463841-CD45-4229-9E70-A0B74E70ADD7}
		{D43761A7-6270-4C43-A2CE-2C244117F30A} = {40D373E1-A120-41E0-9D3D-1BACC719BB38}
		{8FC4EFCA-35E9-4965-A2F8-52974F29E4DA} = {58463841-CD45-4229-9E70-A0B74E70ADD7}
		{F3C9D56A-913A-453D-9C42-B9F467748413} = {58463841-CD45-4229-9E70-A0B74E70ADD7}
		{6C94BFE7-2452-42FF-A17A-4E090F2F8DBD} = {58463841-CD45-4229-9E70-A0B74E70ADD7}
		{AE3C0606-2210-40ED-AE93-67DBD06461BE} = {40D373E1-A120-41E0-9D3D-1BACC719BB38}
		{E8C6F47D-51EE-4488-AF63-2898C01A6515} = {58463841-CD45-4229-9E70-A0B74E70ADD7}
		{F03F6A0D-A431-4A8A-9ED3-FF4690051713} = {23793296-3A05-4668-8967-364E6F73EE78}
	EndGlobalSection
	GlobalSection(ExtensibilityGlobals) = postSolution
		SolutionGuid = {BAAC5D9A-83A0-432F-9987-90C49734F761}
	EndGlobalSection
EndGlobal
